
Microsoft Visual Studio Solution File, Format Version 12.00
# Visual Studio Version 17
VisualStudioVersion = 17.9.34728.123
MinimumVisualStudioVersion = 10.0.40219.1
Project("{FAE04EC0-301F-11D3-BF4B-00C04F79EFBC}") = "Insurance", "Insurance\Insurance.csproj", "{D0C84855-32D1-41D2-8AAD-4838B0097087}"
EndProject
Global
	GlobalSection(SolutionConfigurationPlatforms) = preSolution
		Debug|Any CPU = Debug|Any CPU
		Release|Any CPU = Release|Any CPU
	EndGlobalSection
	GlobalSection(ProjectConfigurationPlatforms) = postSolution
		{D0C84855-32D1-41D2-8AAD-4838B0097087}.Debug|Any CPU.ActiveCfg = Debug|Any CPU
		{D0C84855-32D1-41D2-8AAD-4838B0097087}.Debug|Any CPU.Build.0 = Debug|Any CPU
		{D0C84855-32D1-41D2-8AAD-4838B0097087}.Release|Any CPU.ActiveCfg = Release|Any CPU
		{D0C84855-32D1-41D2-8AAD-4838B0097087}.Release|Any CPU.Build.0 = Release|Any CPU
	EndGlobalSection
	GlobalSection(SolutionProperties) = preSolution
		HideSolutionNode = FALSE
	EndGlobalSection
	GlobalSection(ExtensibilityGlobals) = postSolution
		SolutionGuid = {127EFDDC-9273-41AF-9DBB-25388EF7D58B}
	EndGlobalSection
EndGlobal
